// !$*UTF8*$!
{
	archiveVersion = 1;
	classes = {
	};
	objectVersion = 46;
	objects = {

/* Begin PBXBuildFile section */
		8ECBB46E1EA8B70C00BDCAAD /* AppDelegate.swift in Sources */ = {isa = PBXBuildFile; fileRef = 8ECBB46D1EA8B70C00BDCAAD /* AppDelegate.swift */; };
		8ECBB4701EA8B70C00BDCAAD /* ViewController.swift in Sources */ = {isa = PBXBuildFile; fileRef = 8ECBB46F1EA8B70C00BDCAAD /* ViewController.swift */; };
		8ECBB4731EA8B70C00BDCAAD /* Main.storyboard in Resources */ = {isa = PBXBuildFile; fileRef = 8ECBB4711EA8B70C00BDCAAD /* Main.storyboard */; };
		8ECBB4751EA8B70C00BDCAAD /* Assets.xcassets in Resources */ = {isa = PBXBuildFile; fileRef = 8ECBB4741EA8B70C00BDCAAD /* Assets.xcassets */; };
		8ECBB4781EA8B70C00BDCAAD /* LaunchScreen.storyboard in Resources */ = {isa = PBXBuildFile; fileRef = 8ECBB4761EA8B70C00BDCAAD /* LaunchScreen.storyboard */; };
/* End PBXBuildFile section */

/* Begin PBXFileReference section */
		8ECBB46A1EA8B70C00BDCAAD /* MiraclePill1.app */ = {isa = PBXFileReference; explicitFileType = wrapper.application; includeInIndex = 0; path = MiraclePill1.app; sourceTree = BUILT_PRODUCTS_DIR; };
		8ECBB46D1EA8B70C00BDCAAD /* AppDelegate.swift */ = {isa = PBXFileReference; lastKnownFileType = sourcecode.swift; path = AppDelegate.swift; sourceTree = "<group>"; };
		8ECBB46F1EA8B70C00BDCAAD /* ViewController.swift */ = {isa = PBXFileReference; lastKnownFileType = sourcecode.swift; path = ViewController.swift; sourceTree = "<group>"; };
		8ECBB4721EA8B70C00BDCAAD /* Base */ = {isa = PBXFileReference; lastKnownFileType = file.storyboard; name = Base; path = Base.lproj/Main.storyboard; sourceTree = "<group>"; };
		8ECBB4741EA8B70C00BDCAAD /* Assets.xcassets */ = {isa = PBXFileReference; lastKnownFileType = folder.assetcatalog; path = Assets.xcassets; sourceTree = "<group>"; };
		8ECBB4771EA8B70C00BDCAAD /* Base */ = {isa = PBXFileReference; lastKnownFileType = file.storyboard; name = Base; path = Base.lproj/LaunchScreen.storyboard; sourceTree = "<group>"; };
		8ECBB4791EA8B70C00BDCAAD /* Info.plist */ = {isa = PBXFileReference; lastKnownFileType = text.plist.xml; path = Info.plist; sourceTree = "<group>"; };
/* End PBXFileReference section */

/* Begin PBXFrameworksBuildPhase section */
		8ECBB4671EA8B70C00BDCAAD /* Frameworks */ = {
			isa = PBXFrameworksBuildPhase;
			buildActionMask = 2147483647;
			files = (
			);
			runOnlyForDeploymentPostprocessing = 0;
		};
/* End PBXFrameworksBuildPhase section */

/* Begin PBXGroup section */
		8ECBB4611EA8B70C00BDCAAD = {
			isa = PBXGroup;
			children = (
				8ECBB46C1EA8B70C00BDCAAD /* MiraclePill1 */,
				8ECBB46B1EA8B70C00BDCAAD /* Products */,
			);
			sourceTree = "<group>";
		};
		8ECBB46B1EA8B70C00BDCAAD /* Products */ = {
			isa = PBXGroup;
			children = (
				8ECBB46A1EA8B70C00BDCAAD /* MiraclePill1.app */,
			);
			name = Products;
			sourceTree = "<group>";
		};
		8ECBB46C1EA8B70C00BDCAAD /* MiraclePill1 */ = {
			isa = PBXGroup;
			children = (
				8ECBB46D1EA8B70C00BDCAAD /* AppDelegate.swift */,
				8ECBB46F1EA8B70C00BDCAAD /* ViewController.swift */,
				8ECBB4711EA8B70C00BDCAAD /* Main.storyboard */,
				8ECBB4741EA8B70C00BDCAAD /* Assets.xcassets */,
				8ECBB4761EA8B70C00BDCAAD /* LaunchScreen.storyboard */,
				8ECBB4791EA8B70C00BDCAAD /* Info.plist */,
			);
			path = MiraclePill1;
			sourceTree = "<group>";
		};
/* End PBXGroup section */

/* Begin PBXNativeTarget section */
		8ECBB4691EA8B70C00BDCAAD /* MiraclePill1 */ = {
			isa = PBXNativeTarget;
			buildConfigurationList = 8ECBB47C1EA8B70C00BDCAAD /* Build configuration list for PBXNativeTarget "MiraclePill1" */;
			buildPhases = (
				8ECBB4661EA8B70C00BDCAAD /* Sources */,
				8ECBB4671EA8B70C00BDCAAD /* Frameworks */,
				8ECBB4681EA8B70C00BDCAAD /* Resources */,
			);
			buildRules = (
			);
			dependencies = (
			);
			name = MiraclePill1;
			productName = MiraclePill1;
			productReference = 8ECBB46A1EA8B70C00BDCAAD /* MiraclePill1.app */;
			productType = "com.apple.product-type.application";
		};
/* End PBXNativeTarget section */

/* Begin PBXProject section */
		8ECBB4621EA8B70C00BDCAAD /* Project object */ = {
			isa = PBXProject;
			attributes = {
				LastSwiftUpdateCheck = 0830;
				LastUpgradeCheck = 0830;
				ORGANIZATIONNAME = "Tina Isienyi";
				TargetAttributes = {
					8ECBB4691EA8B70C00BDCAAD = {
						CreatedOnToolsVersion = 8.3;
						DevelopmentTeam = A7HVJ7TQB7;
						ProvisioningStyle = Automatic;
					};
				};
			};
			buildConfigurationList = 8ECBB4651EA8B70C00BDCAAD /* Build configuration list for PBXProject "MiraclePill1" */;
			compatibilityVersion = "Xcode 3.2";
			developmentRegion = English;
			hasScannedForEncodings = 0;
			knownRegions = (
				en,
				Base,
			);
			mainGroup = 8ECBB4611EA8B70C00BDCAAD;
			productRefGroup = 8ECBB46B1EA8B70C00BDCAAD /* Products */;
			projectDirPath = "";
			projectRoot = "";
			targets = (
				8ECBB4691EA8B70C00BDCAAD /* MiraclePill1 */,
			);
		};
/* End PBXProject section */

/* Begin PBXResourcesBuildPhase section */
		8ECBB4681EA8B70C00BDCAAD /* Resources */ = {
			isa = PBXResourcesBuildPhase;
			buildActionMask = 2147483647;
			files = (
				8ECBB4781EA8B70C00BDCAAD /* LaunchScreen.storyboard in Resources */,
				8ECBB4751EA8B70C00BDCAAD /* Assets.xcassets in Resources */,
				8ECBB4731EA8B70C00BDCAAD /* Main.storyboard in Resources */,
			);
			runOnlyForDeploymentPostprocessing = 0;
		};
/* End PBXResourcesBuildPhase section */

/* Begin PBXSourcesBuildPhase section */
		8ECBB4661EA8B70C00BDCAAD /* Sources */ = {
			isa = PBXSourcesBuildPhase;
			buildActionMask = 2147483647;
			files = (
				8ECBB4701EA8B70C00BDCAAD /* ViewController.swift in Sources */,
				8ECBB46E1EA8B70C00BDCAAD /* AppDelegate.swift in Sources */,
			);
			runOnlyForDeploymentPostprocessing = 0;
		};
/* End PBXSourcesBuildPhase section */

/* Begin PBXVariantGroup section */
		8ECBB4711EA8B70C00BDCAAD /* Main.storyboard */ = {
			isa = PBXVariantGroup;
			children = (
				8ECBB4721EA8B70C00BDCAAD /* Base */,
			);
			name = Main.storyboard;
			sourceTree = "<group>";
		};
		8ECBB4761EA8B70C00BDCAAD /* LaunchScreen.storyboard */ = {
			isa = PBXVariantGroup;
			children = (
				8ECBB4771EA8B70C00BDCAAD /* Base */,
			);
			name = LaunchScreen.storyboard;
			sourceTree = "<group>";
		};
/* End PBXVariantGroup section */

/* Begin XCBuildConfiguration section */
		8ECBB47A1EA8B70C00BDCAAD /* Debug */ = {
			isa = XCBuildConfiguration;
			buildSettings = {
				ALWAYS_SEARCH_USER_PATHS = NO;
				CLANG_ANALYZER_NONNULL = YES;
				CLANG_ANALYZER_NUMBER_OBJECT_CONVERSION = YES_AGGRESSIVE;
				CLANG_CXX_LANGUAGE_STANDARD = "gnu++0x";
				CLANG_CXX_LIBRARY = "libc++";
				CLANG_ENABLE_MODULES = YES;
				CLANG_ENABLE_OBJC_ARC = YES;
				CLANG_WARN_BOOL_CONVERSION = YES;
				CLANG_WARN_CONSTANT_CONVERSION = YES;
				CLANG_WARN_DIRECT_OBJC_ISA_USAGE = YES_ERROR;
				CLANG_WARN_DOCUMENTATION_COMMENTS = YES;
				CLANG_WARN_EMPTY_BODY = YES;
				CLANG_WARN_ENUM_CONVERSION = YES;
				CLANG_WARN_INFINITE_RECURSION = YES;
				CLANG_WARN_INT_CONVERSION = YES;
				CLANG_WARN_OBJC_ROOT_CLASS = YES_ERROR;
				CLANG_WARN_SUSPICIOUS_MOVE = YES;
				CLANG_WARN_UNREACHABLE_CODE = YES;
				CLANG_WARN__DUPLICATE_METHOD_MATCH = YES;
				"CODE_SIGN_IDENTITY[sdk=iphoneos*]" = "iPhone Developer";
				COPY_PHASE_STRIP = NO;
				DEBUG_INFORMATION_FORMAT = dwarf;
				ENABLE_STRICT_OBJC_MSGSEND = YES;
				ENABLE_TESTABILITY = YES;
				GCC_C_LANGUAGE_STANDARD = gnu99;
				GCC_DYNAMIC_NO_PIC = NO;
				GCC_NO_COMMON_BLOCKS = YES;
				GCC_OPTIMIZATION_LEVEL = 0;
				GCC_PREPROCESSOR_DEFINITIONS = (
					"DEBUG=1",
					"$(inherited)",
				);
				GCC_WARN_64_TO_32_BIT_CONVERSION = YES;
				GCC_WARN_ABOUT_RETURN_TYPE = YES_ERROR;
				GCC_WARN_UNDECLARED_SELECTOR = YES;
				GCC_WARN_UNINITIALIZED_AUTOS = YES_AGGRESSIVE;
				GCC_WARN_UNUSED_FUNCTION = YES;
				GCC_WARN_UNUSED_VARIABLE = YES;
				IPHONEOS_DEPLOYMENT_TARGET = 10.3;
				MTL_ENABLE_DEBUG_INFO = YES;
				ONLY_ACTIVE_ARCH = YES;
				SDKROOT = iphoneos;
				SWIFT_ACTIVE_COMPILATION_CONDITIONS = DEBUG;
				SWIFT_OPTIMIZATION_LEVEL = "-Onone";
			};
			name = Debug;
		};
		8ECBB47B1EA8B70C00BDCAAD /* Release */ = {
			isa = XCBuildConfiguration;
			buildSettings = {
				ALWAYS_SEARCH_USER_PATHS = NO;
				CLANG_ANALYZER_NONNULL = YES;
				CLANG_ANALYZER_NUMBER_OBJECT_CONVERSION = YES_AGGRESSIVE;
				CLANG_CXX_LANGUAGE_STANDARD = "gnu++0x";
				CLANG_CXX_LIBRARY = "libc++";
				CLANG_ENABLE_MODULES = YES;
				CLANG_ENABLE_OBJC_ARC = YES;
				CLANG_WARN_BOOL_CONVERSION = YES;
				CLANG_WARN_CONSTANT_CONVERSION = YES;
				CLANG_WARN_DIRECT_OBJC_ISA_USAGE = YES_ERROR;
				CLANG_WARN_DOCUMENTATION_COMMENTS = YES;
				CLANG_WARN_EMPTY_BODY = YES;
				CLANG_WARN_ENUM_CONVERSION = YES;
				CLANG_WARN_INFINITE_RECURSION = YES;
				CLANG_WARN_INT_CONVERSION = YES;
				CLANG_WARN_OBJC_ROOT_CLASS = YES_ERROR;
				CLANG_WARN_SUSPICIOUS_MOVE = YES;
				CLANG_WARN_UNREACHABLE_CODE = YES;
				CLANG_WARN__DUPLICATE_METHOD_MATCH = YES;
				"CODE_SIGN_IDENTITY[sdk=iphoneos*]" = "iPhone Developer";
				COPY_PHASE_STRIP = NO;
				DEBUG_INFORMATION_FORMAT = "dwarf-with-dsym";
				ENABLE_NS_ASSERTIONS = NO;
				ENABLE_STRICT_OBJC_MSGSEND = YES;
				GCC_C_LANGUAGE_STANDARD = gnu99;
				GCC_NO_COMMON_BLOCKS = YES;
				GCC_WARN_64_TO_32_BIT_CONVERSION = YES;
				GCC_WARN_ABOUT_RETURN_TYPE = YES_ERROR;
				GCC_WARN_UNDECLARED_SELECTOR = YES;
				GCC_WARN_UNINITIALIZED_AUTOS = YES_AGGRESSIVE;
				GCC_WARN_UNUSED_FUNCTION = YES;
				GCC_WARN_UNUSED_VARIABLE = YES;
				IPHONEOS_DEPLOYMENT_TARGET = 10.3;
				MTL_ENABLE_DEBUG_INFO = NO;
				SDKROOT = iphoneos;
				SWIFT_OPTIMIZATION_LEVEL = "-Owholemodule";
				VALIDATE_PRODUCT = YES;
			};
			name = Release;
		};
		8ECBB47D1EA8B70C00BDCAAD /* Debug */ = {
			isa = XCBuildConfiguration;
			buildSettings = {
				ASSETCATALOG_COMPILER_APPICON_NAME = AppIcon;
				DEVELOPMENT_TEAM = A7HVJ7TQB7;
				INFOPLIST_FILE = MiraclePill1/Info.plist;
				LD_RUNPATH_SEARCH_PATHS = "$(inherited) @executable_path/Frameworks";
				PRODUCT_BUNDLE_IDENTIFIER = com.Tina.MiraclePill1;
				PRODUCT_NAME = "$(TARGET_NAME)";
				SWIFT_VERSION = 3.0;
				TARGETED_DEVICE_FAMILY = 1;
			};
			name = Debug;
		};
		8ECBB47E1EA8B70C00BDCAAD /* Release */ = {
			isa = XCBuildConfiguration;
			buildSettings = {
				ASSETCATALOG_COMPILER_APPICON_NAME = AppIcon;
				DEVELOPMENT_TEAM = A7HVJ7TQB7;
				INFOPLIST_FILE = MiraclePill1/Info.plist;
				LD_RUNPATH_SEARCH_PATHS = "$(inherited) @executable_path/Frameworks";
				PRODUCT_BUNDLE_IDENTIFIER = com.Tina.MiraclePill1;
				PRODUCT_NAME = "$(TARGET_NAME)";
				SWIFT_VERSION = 3.0;
				TARGETED_DEVICE_FAMILY = 1;
			};
			name = Release;
		};
/* End XCBuildConfiguration section */

/* Begin XCConfigurationList section */
		8ECBB4651EA8B70C00BDCAAD /* Build configuration list for PBXProject "MiraclePill1" */ = {
			isa = XCConfigurationList;
			buildConfigurations = (
				8ECBB47A1EA8B70C00BDCAAD /* Debug */,
				8ECBB47B1EA8B70C00BDCAAD /* Release */,
			);
			defaultConfigurationIsVisible = 0;
			defaultConfigurationName = Release;
		};
		8ECBB47C1EA8B70C00BDCAAD /* Build configuration list for PBXNativeTarget "MiraclePill1" */ = {
			isa = XCConfigurationList;
			buildConfigurations = (
				8ECBB47D1EA8B70C00BDCAAD /* Debug */,
				8ECBB47E1EA8B70C00BDCAAD /* Release */,
			);
			defaultConfigurationIsVisible = 0;
		};
/* End XCConfigurationList section */
	};
	rootObject = 8ECBB4621EA8B70C00BDCAAD /* Project object */;
}
